
Microsoft Visual Studio Solution File, Format Version 12.00
# Visual Studio 15
Project("{8BC9CEB8-8B4A-11D0-8D11-00A0C91BC942}") = "ALL_BUILD", "ALL_BUILD.vcxproj", "{71EF5C85-21EE-3320-8792-928D92E539D3}"
	ProjectSection(ProjectDependencies) = postProject
		{E80C4C04-C741-3249-88E7-96FD79D8F971} = {E80C4C04-C741-3249-88E7-96FD79D8F971}
		{A3E259F7-3B8D-324D-9CE9-9737BB493218} = {A3E259F7-3B8D-324D-9CE9-9737BB493218}
		{745F3F56-7E3A-31DB-A0E3-0D1D25DC6751} = {745F3F56-7E3A-31DB-A0E3-0D1D25DC6751}
		{FE687BA2-BCB9-3C3D-8907-0464ADAF42EF} = {FE687BA2-BCB9-3C3D-8907-0464ADAF42EF}
	EndProjectSection
EndProject
Project("{8BC9CEB8-8B4A-11D0-8D11-00A0C91BC942}") = "INSTALL", "INSTALL.vcxproj", "{D6A0BE35-696A-3C6B-9D5C-46282B643537}"
	ProjectSection(ProjectDependencies) = postProject
		{71EF5C85-21EE-3320-8792-928D92E539D3} = {71EF5C85-21EE-3320-8792-928D92E539D3}
		{E80C4C04-C741-3249-88E7-96FD79D8F971} = {E80C4C04-C741-3249-88E7-96FD79D8F971}
	EndProjectSection
EndProject
Project("{8BC9CEB8-8B4A-11D0-8D11-00A0C91BC942}") = "ZERO_CHECK", "ZERO_CHECK.vcxproj", "{E80C4C04-C741-3249-88E7-96FD79D8F971}"
	ProjectSection(ProjectDependencies) = postProject
	EndProjectSection
EndProject
Project("{8BC9CEB8-8B4A-11D0-8D11-00A0C91BC942}") = "dark", "dark.vcxproj", "{A3E259F7-3B8D-324D-9CE9-9737BB493218}"
	ProjectSection(ProjectDependencies) = postProject
		{E80C4C04-C741-3249-88E7-96FD79D8F971} = {E80C4C04-C741-3249-88E7-96FD79D8F971}
	EndProjectSection
EndProject
Project("{8BC9CEB8-8B4A-11D0-8D11-00A0C91BC942}") = "darknet", "darknet.vcxproj", "{745F3F56-7E3A-31DB-A0E3-0D1D25DC6751}"
	ProjectSection(ProjectDependencies) = postProject
		{E80C4C04-C741-3249-88E7-96FD79D8F971} = {E80C4C04-C741-3249-88E7-96FD79D8F971}
	EndProjectSection
EndProject
Project("{8BC9CEB8-8B4A-11D0-8D11-00A0C91BC942}") = "uselib", "uselib.vcxproj", "{FE687BA2-BCB9-3C3D-8907-0464ADAF42EF}"
	ProjectSection(ProjectDependencies) = postProject
		{E80C4C04-C741-3249-88E7-96FD79D8F971} = {E80C4C04-C741-3249-88E7-96FD79D8F971}
		{A3E259F7-3B8D-324D-9CE9-9737BB493218} = {A3E259F7-3B8D-324D-9CE9-9737BB493218}
	EndProjectSection
EndProject
Global
	GlobalSection(SolutionConfigurationPlatforms) = preSolution
		Debug|x64 = Debug|x64
		Release|x64 = Release|x64
		MinSizeRel|x64 = MinSizeRel|x64
		RelWithDebInfo|x64 = RelWithDebInfo|x64
	EndGlobalSection
	GlobalSection(ProjectConfigurationPlatforms) = postSolution
		{71EF5C85-21EE-3320-8792-928D92E539D3}.Debug|x64.ActiveCfg = Debug|x64
		{71EF5C85-21EE-3320-8792-928D92E539D3}.Debug|x64.Build.0 = Debug|x64
		{71EF5C85-21EE-3320-8792-928D92E539D3}.Release|x64.ActiveCfg = Release|x64
		{71EF5C85-21EE-3320-8792-928D92E539D3}.Release|x64.Build.0 = Release|x64
		{71EF5C85-21EE-3320-8792-928D92E539D3}.MinSizeRel|x64.ActiveCfg = MinSizeRel|x64
		{71EF5C85-21EE-3320-8792-928D92E539D3}.MinSizeRel|x64.Build.0 = MinSizeRel|x64
		{71EF5C85-21EE-3320-8792-928D92E539D3}.RelWithDebInfo|x64.ActiveCfg = RelWithDebInfo|x64
		{71EF5C85-21EE-3320-8792-928D92E539D3}.RelWithDebInfo|x64.Build.0 = RelWithDebInfo|x64
		{D6A0BE35-696A-3C6B-9D5C-46282B643537}.Debug|x64.ActiveCfg = Debug|x64
		{D6A0BE35-696A-3C6B-9D5C-46282B643537}.Release|x64.ActiveCfg = Release|x64
		{D6A0BE35-696A-3C6B-9D5C-46282B643537}.MinSizeRel|x64.ActiveCfg = MinSizeRel|x64
		{D6A0BE35-696A-3C6B-9D5C-46282B643537}.RelWithDebInfo|x64.ActiveCfg = RelWithDebInfo|x64
		{E80C4C04-C741-3249-88E7-96FD79D8F971}.Debug|x64.ActiveCfg = Debug|x64
		{E80C4C04-C741-3249-88E7-96FD79D8F971}.Debug|x64.Build.0 = Debug|x64
		{E80C4C04-C741-3249-88E7-96FD79D8F971}.Release|x64.ActiveCfg = Release|x64
		{E80C4C04-C741-3249-88E7-96FD79D8F971}.Release|x64.Build.0 = Release|x64
		{E80C4C04-C741-3249-88E7-96FD79D8F971}.MinSizeRel|x64.ActiveCfg = MinSizeRel|x64
		{E80C4C04-C741-3249-88E7-96FD79D8F971}.MinSizeRel|x64.Build.0 = MinSizeRel|x64
		{E80C4C04-C741-3249-88E7-96FD79D8F971}.RelWithDebInfo|x64.ActiveCfg = RelWithDebInfo|x64
		{E80C4C04-C741-3249-88E7-96FD79D8F971}.RelWithDebInfo|x64.Build.0 = RelWithDebInfo|x64
		{A3E259F7-3B8D-324D-9CE9-9737BB493218}.Debug|x64.ActiveCfg = Debug|x64
		{A3E259F7-3B8D-324D-9CE9-9737BB493218}.Debug|x64.Build.0 = Debug|x64
		{A3E259F7-3B8D-324D-9CE9-9737BB493218}.Release|x64.ActiveCfg = Release|x64
		{A3E259F7-3B8D-324D-9CE9-9737BB493218}.Release|x64.Build.0 = Release|x64
		{A3E259F7-3B8D-324D-9CE9-9737BB493218}.MinSizeRel|x64.ActiveCfg = MinSizeRel|x64
		{A3E259F7-3B8D-324D-9CE9-9737BB493218}.MinSizeRel|x64.Build.0 = MinSizeRel|x64
		{A3E259F7-3B8D-324D-9CE9-9737BB493218}.RelWithDebInfo|x64.ActiveCfg = RelWithDebInfo|x64
		{A3E259F7-3B8D-324D-9CE9-9737BB493218}.RelWithDebInfo|x64.Build.0 = RelWithDebInfo|x64
		{745F3F56-7E3A-31DB-A0E3-0D1D25DC6751}.Debug|x64.ActiveCfg = Debug|x64
		{745F3F56-7E3A-31DB-A0E3-0D1D25DC6751}.Debug|x64.Build.0 = Debug|x64
		{745F3F56-7E3A-31DB-A0E3-0D1D25DC6751}.Release|x64.ActiveCfg = Release|x64
		{745F3F56-7E3A-31DB-A0E3-0D1D25DC6751}.Release|x64.Build.0 = Release|x64
		{745F3F56-7E3A-31DB-A0E3-0D1D25DC6751}.MinSizeRel|x64.ActiveCfg = MinSizeRel|x64
		{745F3F56-7E3A-31DB-A0E3-0D1D25DC6751}.MinSizeRel|x64.Build.0 = MinSizeRel|x64
		{745F3F56-7E3A-31DB-A0E3-0D1D25DC6751}.RelWithDebInfo|x64.ActiveCfg = RelWithDebInfo|x64
		{745F3F56-7E3A-31DB-A0E3-0D1D25DC6751}.RelWithDebInfo|x64.Build.0 = RelWithDebInfo|x64
		{FE687BA2-BCB9-3C3D-8907-0464ADAF42EF}.Debug|x64.ActiveCfg = Debug|x64
		{FE687BA2-BCB9-3C3D-8907-0464ADAF42EF}.Debug|x64.Build.0 = Debug|x64
		{FE687BA2-BCB9-3C3D-8907-0464ADAF42EF}.Release|x64.ActiveCfg = Release|x64
		{FE687BA2-BCB9-3C3D-8907-0464ADAF42EF}.Release|x64.Build.0 = Release|x64
		{FE687BA2-BCB9-3C3D-8907-0464ADAF42EF}.MinSizeRel|x64.ActiveCfg = MinSizeRel|x64
		{FE687BA2-BCB9-3C3D-8907-0464ADAF42EF}.MinSizeRel|x64.Build.0 = MinSizeRel|x64
		{FE687BA2-BCB9-3C3D-8907-0464ADAF42EF}.RelWithDebInfo|x64.ActiveCfg = RelWithDebInfo|x64
		{FE687BA2-BCB9-3C3D-8907-0464ADAF42EF}.RelWithDebInfo|x64.Build.0 = RelWithDebInfo|x64
	EndGlobalSection
	GlobalSection(ExtensibilityGlobals) = postSolution
		SolutionGuid = {0CC606E3-EE36-3FFA-BD02-EEA31D4528F9}
	EndGlobalSection
	GlobalSection(ExtensibilityAddIns) = postSolution
	EndGlobalSection
EndGlobal
