<?xml version="1.0" encoding="utf-8"?>
<Project ToolsVersion="15.0" xmlns="http://schemas.microsoft.com/developer/msbuild/2003">
  <ItemGroup>
    <CustomBuild Include="C:\Yolo-Fastest-master\CMakeFiles\2eb0bb101d47923df40d143a963593e4\INSTALL_force.rule">
      <Filter>CMake Rules</Filter>
    </CustomBuild>
  </ItemGroup>
  <ItemGroup>
    <Filter Include="CMake Rules">
      <UniqueIdentifier>{110948B5-F614-3AA7-B250-C6D2DCD70916}</UniqueIdentifier>
    </Filter>
  </ItemGroup>
</Project>
